
Microsoft Visual Studio Solution File, Format Version 12.00
# Visual Studio 2012
Project("{FAE04EC0-301F-11D3-BF4B-00C04F79EFBC}") = "Restangular.Poc", "Restangular.Poc\Restangular.Poc.csproj", "{CB18B436-2EA4-460D-957C-5D46D0281BA6}"
EndProject
Global
	GlobalSection(SolutionConfigurationPlatforms) = preSolution
		Debug|Any CPU = Debug|Any CPU
		Release|Any CPU = Release|Any CPU
	EndGlobalSection
	GlobalSection(ProjectConfigurationPlatforms) = postSolution
		{CB18B436-2EA4-460D-957C-5D46D0281BA6}.Debug|Any CPU.ActiveCfg = Debug|Any CPU
		{CB18B436-2EA4-460D-957C-5D46D0281BA6}.Debug|Any CPU.Build.0 = Debug|Any CPU
		{CB18B436-2EA4-460D-957C-5D46D0281BA6}.Release|Any CPU.ActiveCfg = Release|Any CPU
		{CB18B436-2EA4-460D-957C-5D46D0281BA6}.Release|Any CPU.Build.0 = Release|Any CPU
	EndGlobalSection
	GlobalSection(SolutionProperties) = preSolution
		HideSolutionNode = FALSE
	EndGlobalSection
EndGlobal
